// !$*UTF8*$!
{
	archiveVersion = 1;
	classes = {
	};
	objectVersion = 46;
	objects = {

/* Begin PBXBuildFile section */
		9793ADD41EE53BF00080E527 /* AppDelegate.m in Sources */ = {isa = PBXBuildFile; fileRef = 9793ADD31EE53BF00080E527 /* AppDelegate.m */; };
		9793ADD71EE53BF00080E527 /* main.m in Sources */ = {isa = PBXBuildFile; fileRef = 9793ADD61EE53BF00080E527 /* main.m */; };
		9793ADDA1EE53BF00080E527 /* ViewController.m in Sources */ = {isa = PBXBuildFile; fileRef = 9793ADD91EE53BF00080E527 /* ViewController.m */; };
		9793ADDC1EE53BF00080E527 /* Assets.xcassets in Resources */ = {isa = PBXBuildFile; fileRef = 9793ADDB1EE53BF00080E527 /* Assets.xcassets */; };
		9793ADDF1EE53BF00080E527 /* Main.storyboard in Resources */ = {isa = PBXBuildFile; fileRef = 9793ADDD1EE53BF00080E527 /* Main.storyboard */; };
		9793ADE81EE53D990080E527 /* MyWindow.m in Sources */ = {isa = PBXBuildFile; fileRef = 9793ADE71EE53D990080E527 /* MyWindow.m */; };
		9793ADEB1EE569930080E527 /* SBButton.m in Sources */ = {isa = PBXBuildFile; fileRef = 9793ADEA1EE569930080E527 /* SBButton.m */; };
/* End PBXBuildFile section */

/* Begin PBXFileReference section */
		9793ADCF1EE53BF00080E527 /* SearchDome1.app */ = {isa = PBXFileReference; explicitFileType = wrapper.application; includeInIndex = 0; path = SearchDome1.app; sourceTree = BUILT_PRODUCTS_DIR; };
		9793ADD21EE53BF00080E527 /* AppDelegate.h */ = {isa = PBXFileReference; lastKnownFileType = sourcecode.c.h; path = AppDelegate.h; sourceTree = "<group>"; };
		9793ADD31EE53BF00080E527 /* AppDelegate.m */ = {isa = PBXFileReference; lastKnownFileType = sourcecode.c.objc; path = AppDelegate.m; sourceTree = "<group>"; };
		9793ADD61EE53BF00080E527 /* main.m */ = {isa = PBXFileReference; lastKnownFileType = sourcecode.c.objc; path = main.m; sourceTree = "<group>"; };
		9793ADD81EE53BF00080E527 /* ViewController.h */ = {isa = PBXFileReference; lastKnownFileType = sourcecode.c.h; path = ViewController.h; sourceTree = "<group>"; };
		9793ADD91EE53BF00080E527 /* ViewController.m */ = {isa = PBXFileReference; lastKnownFileType = sourcecode.c.objc; path = ViewController.m; sourceTree = "<group>"; };
		9793ADDB1EE53BF00080E527 /* Assets.xcassets */ = {isa = PBXFileReference; lastKnownFileType = folder.assetcatalog; path = Assets.xcassets; sourceTree = "<group>"; };
		9793ADDE1EE53BF00080E527 /* Base */ = {isa = PBXFileReference; lastKnownFileType = file.storyboard; name = Base; path = Base.lproj/Main.storyboard; sourceTree = "<group>"; };
		9793ADE01EE53BF00080E527 /* Info.plist */ = {isa = PBXFileReference; lastKnownFileType = text.plist.xml; path = Info.plist; sourceTree = "<group>"; };
		9793ADE61EE53D990080E527 /* MyWindow.h */ = {isa = PBXFileReference; fileEncoding = 4; lastKnownFileType = sourcecode.c.h; path = MyWindow.h; sourceTree = "<group>"; };
		9793ADE71EE53D990080E527 /* MyWindow.m */ = {isa = PBXFileReference; fileEncoding = 4; lastKnownFileType = sourcecode.c.objc; path = MyWindow.m; sourceTree = "<group>"; };
		9793ADE91EE569930080E527 /* SBButton.h */ = {isa = PBXFileReference; fileEncoding = 4; lastKnownFileType = sourcecode.c.h; path = SBButton.h; sourceTree = "<group>"; };
		9793ADEA1EE569930080E527 /* SBButton.m */ = {isa = PBXFileReference; fileEncoding = 4; lastKnownFileType = sourcecode.c.objc; path = SBButton.m; sourceTree = "<group>"; };
/* End PBXFileReference section */

/* Begin PBXFrameworksBuildPhase section */
		9793ADCC1EE53BF00080E527 /* Frameworks */ = {
			isa = PBXFrameworksBuildPhase;
			buildActionMask = 2147483647;
			files = (
			);
			runOnlyForDeploymentPostprocessing = 0;
		};
/* End PBXFrameworksBuildPhase section */

/* Begin PBXGroup section */
		9793ADC61EE53BF00080E527 = {
			isa = PBXGroup;
			children = (
				9793ADD11EE53BF00080E527 /* SearchDome1 */,
				9793ADD01EE53BF00080E527 /* Products */,
			);
			sourceTree = "<group>";
		};
		9793ADD01EE53BF00080E527 /* Products */ = {
			isa = PBXGroup;
			children = (
				9793ADCF1EE53BF00080E527 /* SearchDome1.app */,
			);
			name = Products;
			sourceTree = "<group>";
		};
		9793ADD11EE53BF00080E527 /* SearchDome1 */ = {
			isa = PBXGroup;
			children = (
				9793ADD21EE53BF00080E527 /* AppDelegate.h */,
				9793ADD31EE53BF00080E527 /* AppDelegate.m */,
				9793ADD81EE53BF00080E527 /* ViewController.h */,
				9793ADD91EE53BF00080E527 /* ViewController.m */,
				9793ADDB1EE53BF00080E527 /* Assets.xcassets */,
				9793ADDD1EE53BF00080E527 /* Main.storyboard */,
				9793ADE01EE53BF00080E527 /* Info.plist */,
				9793ADE61EE53D990080E527 /* MyWindow.h */,
				9793ADE71EE53D990080E527 /* MyWindow.m */,
				9793ADE91EE569930080E527 /* SBButton.h */,
				9793ADEA1EE569930080E527 /* SBButton.m */,
				9793ADD51EE53BF00080E527 /* Supporting Files */,
			);
			path = SearchDome1;
			sourceTree = "<group>";
		};
		9793ADD51EE53BF00080E527 /* Supporting Files */ = {
			isa = PBXGroup;
			children = (
				9793ADD61EE53BF00080E527 /* main.m */,
			);
			name = "Supporting Files";
			sourceTree = "<group>";
		};
/* End PBXGroup section */

/* Begin PBXNativeTarget section */
		9793ADCE1EE53BF00080E527 /* SearchDome1 */ = {
			isa = PBXNativeTarget;
			buildConfigurationList = 9793ADE31EE53BF00080E527 /* Build configuration list for PBXNativeTarget "SearchDome1" */;
			buildPhases = (
				9793ADCB1EE53BF00080E527 /* Sources */,
				9793ADCC1EE53BF00080E527 /* Frameworks */,
				9793ADCD1EE53BF00080E527 /* Resources */,
			);
			buildRules = (
			);
			dependencies = (
			);
			name = SearchDome1;
			productName = SearchDome1;
			productReference = 9793ADCF1EE53BF00080E527 /* SearchDome1.app */;
			productType = "com.apple.product-type.application";
		};
/* End PBXNativeTarget section */

/* Begin PBXProject section */
		9793ADC71EE53BF00080E527 /* Project object */ = {
			isa = PBXProject;
			attributes = {
				LastUpgradeCheck = 0830;
				ORGANIZATIONNAME = shaoqing;
				TargetAttributes = {
					9793ADCE1EE53BF00080E527 = {
						CreatedOnToolsVersion = 8.3.2;
						ProvisioningStyle = Automatic;
					};
				};
			};
			buildConfigurationList = 9793ADCA1EE53BF00080E527 /* Build configuration list for PBXProject "SearchDome1" */;
			compatibilityVersion = "Xcode 3.2";
			developmentRegion = English;
			hasScannedForEncodings = 0;
			knownRegions = (
				en,
				Base,
			);
			mainGroup = 9793ADC61EE53BF00080E527;
			productRefGroup = 9793ADD01EE53BF00080E527 /* Products */;
			projectDirPath = "";
			projectRoot = "";
			targets = (
				9793ADCE1EE53BF00080E527 /* SearchDome1 */,
			);
		};
/* End PBXProject section */

/* Begin PBXResourcesBuildPhase section */
		9793ADCD1EE53BF00080E527 /* Resources */ = {
			isa = PBXResourcesBuildPhase;
			buildActionMask = 2147483647;
			files = (
				9793ADDC1EE53BF00080E527 /* Assets.xcassets in Resources */,
				9793ADDF1EE53BF00080E527 /* Main.storyboard in Resources */,
			);
			runOnlyForDeploymentPostprocessing = 0;
		};
/* End PBXResourcesBuildPhase section */

/* Begin PBXSourcesBuildPhase section */
		9793ADCB1EE53BF00080E527 /* Sources */ = {
			isa = PBXSourcesBuildPhase;
			buildActionMask = 2147483647;
			files = (
				9793ADDA1EE53BF00080E527 /* ViewController.m in Sources */,
				9793ADD71EE53BF00080E527 /* main.m in Sources */,
				9793ADD41EE53BF00080E527 /* AppDelegate.m in Sources */,
				9793ADEB1EE569930080E527 /* SBButton.m in Sources */,
				9793ADE81EE53D990080E527 /* MyWindow.m in Sources */,
			);
			runOnlyForDeploymentPostprocessing = 0;
		};
/* End PBXSourcesBuildPhase section */

/* Begin PBXVariantGroup section */
		9793ADDD1EE53BF00080E527 /* Main.storyboard */ = {
			isa = PBXVariantGroup;
			children = (
				9793ADDE1EE53BF00080E527 /* Base */,
			);
			name = Main.storyboard;
			sourceTree = "<group>";
		};
/* End PBXVariantGroup section */

/* Begin XCBuildConfiguration section */
		9793ADE11EE53BF00080E527 /* Debug */ = {
			isa = XCBuildConfiguration;
			buildSettings = {
				ALWAYS_SEARCH_USER_PATHS = NO;
				CLANG_ANALYZER_NONNULL = YES;
				CLANG_ANALYZER_NUMBER_OBJECT_CONVERSION = YES_AGGRESSIVE;
				CLANG_CXX_LANGUAGE_STANDARD = "gnu++0x";
				CLANG_CXX_LIBRARY = "libc++";
				CLANG_ENABLE_MODULES = YES;
				CLANG_ENABLE_OBJC_ARC = YES;
				CLANG_WARN_BOOL_CONVERSION = YES;
				CLANG_WARN_CONSTANT_CONVERSION = YES;
				CLANG_WARN_DIRECT_OBJC_ISA_USAGE = YES_ERROR;
				CLANG_WARN_DOCUMENTATION_COMMENTS = YES;
				CLANG_WARN_EMPTY_BODY = YES;
				CLANG_WARN_ENUM_CONVERSION = YES;
				CLANG_WARN_INFINITE_RECURSION = YES;
				CLANG_WARN_INT_CONVERSION = YES;
				CLANG_WARN_OBJC_ROOT_CLASS = YES_ERROR;
				CLANG_WARN_SUSPICIOUS_MOVE = YES;
				CLANG_WARN_UNREACHABLE_CODE = YES;
				CLANG_WARN__DUPLICATE_METHOD_MATCH = YES;
				CODE_SIGN_IDENTITY = "-";
				COPY_PHASE_STRIP = NO;
				DEBUG_INFORMATION_FORMAT = dwarf;
				ENABLE_STRICT_OBJC_MSGSEND = YES;
				ENABLE_TESTABILITY = YES;
				GCC_C_LANGUAGE_STANDARD = gnu99;
				GCC_DYNAMIC_NO_PIC = NO;
				GCC_NO_COMMON_BLOCKS = YES;
				GCC_OPTIMIZATION_LEVEL = 0;
				GCC_PREPROCESSOR_DEFINITIONS = (
					"DEBUG=1",
					"$(inherited)",
				);
				GCC_WARN_64_TO_32_BIT_CONVERSION = YES;
				GCC_WARN_ABOUT_RETURN_TYPE = YES_ERROR;
				GCC_WARN_UNDECLARED_SELECTOR = YES;
				GCC_WARN_UNINITIALIZED_AUTOS = YES_AGGRESSIVE;
				GCC_WARN_UNUSED_FUNCTION = YES;
				GCC_WARN_UNUSED_VARIABLE = YES;
				MACOSX_DEPLOYMENT_TARGET = 10.12;
				MTL_ENABLE_DEBUG_INFO = YES;
				ONLY_ACTIVE_ARCH = YES;
				SDKROOT = macosx;
			};
			name = Debug;
		};
		9793ADE21EE53BF00080E527 /* Release */ = {
			isa = XCBuildConfiguration;
			buildSettings = {
				ALWAYS_SEARCH_USER_PATHS = NO;
				CLANG_ANALYZER_NONNULL = YES;
				CLANG_ANALYZER_NUMBER_OBJECT_CONVERSION = YES_AGGRESSIVE;
				CLANG_CXX_LANGUAGE_STANDARD = "gnu++0x";
				CLANG_CXX_LIBRARY = "libc++";
				CLANG_ENABLE_MODULES = YES;
				CLANG_ENABLE_OBJC_ARC = YES;
				CLANG_WARN_BOOL_CONVERSION = YES;
				CLANG_WARN_CONSTANT_CONVERSION = YES;
				CLANG_WARN_DIRECT_OBJC_ISA_USAGE = YES_ERROR;
				CLANG_WARN_DOCUMENTATION_COMMENTS = YES;
				CLANG_WARN_EMPTY_BODY = YES;
				CLANG_WARN_ENUM_CONVERSION = YES;
				CLANG_WARN_INFINITE_RECURSION = YES;
				CLANG_WARN_INT_CONVERSION = YES;
				CLANG_WARN_OBJC_ROOT_CLASS = YES_ERROR;
				CLANG_WARN_SUSPICIOUS_MOVE = YES;
				CLANG_WARN_UNREACHABLE_CODE = YES;
				CLANG_WARN__DUPLICATE_METHOD_MATCH = YES;
				CODE_SIGN_IDENTITY = "-";
				COPY_PHASE_STRIP = NO;
				DEBUG_INFORMATION_FORMAT = "dwarf-with-dsym";
				ENABLE_NS_ASSERTIONS = NO;
				ENABLE_STRICT_OBJC_MSGSEND = YES;
				GCC_C_LANGUAGE_STANDARD = gnu99;
				GCC_NO_COMMON_BLOCKS = YES;
				GCC_WARN_64_TO_32_BIT_CONVERSION = YES;
				GCC_WARN_ABOUT_RETURN_TYPE = YES_ERROR;
				GCC_WARN_UNDECLARED_SELECTOR = YES;
				GCC_WARN_UNINITIALIZED_AUTOS = YES_AGGRESSIVE;
				GCC_WARN_UNUSED_FUNCTION = YES;
				GCC_WARN_UNUSED_VARIABLE = YES;
				MACOSX_DEPLOYMENT_TARGET = 10.12;
				MTL_ENABLE_DEBUG_INFO = NO;
				SDKROOT = macosx;
			};
			name = Release;
		};
		9793ADE41EE53BF00080E527 /* Debug */ = {
			isa = XCBuildConfiguration;
			buildSettings = {
				ASSETCATALOG_COMPILER_APPICON_NAME = AppIcon;
				COMBINE_HIDPI_IMAGES = YES;
				INFOPLIST_FILE = SearchDome1/Info.plist;
				LD_RUNPATH_SEARCH_PATHS = "$(inherited) @executable_path/../Frameworks";
				PRODUCT_BUNDLE_IDENTIFIER = "-15.SearchDome1";
				PRODUCT_NAME = "$(TARGET_NAME)";
			};
			name = Debug;
		};
		9793ADE51EE53BF00080E527 /* Release */ = {
			isa = XCBuildConfiguration;
			buildSettings = {
				ASSETCATALOG_COMPILER_APPICON_NAME = AppIcon;
				COMBINE_HIDPI_IMAGES = YES;
				INFOPLIST_FILE = SearchDome1/Info.plist;
				LD_RUNPATH_SEARCH_PATHS = "$(inherited) @executable_path/../Frameworks";
				PRODUCT_BUNDLE_IDENTIFIER = "-15.SearchDome1";
				PRODUCT_NAME = "$(TARGET_NAME)";
			};
			name = Release;
		};
/* End XCBuildConfiguration section */

/* Begin XCConfigurationList section */
		9793ADCA1EE53BF00080E527 /* Build configuration list for PBXProject "SearchDome1" */ = {
			isa = XCConfigurationList;
			buildConfigurations = (
				9793ADE11EE53BF00080E527 /* Debug */,
				9793ADE21EE53BF00080E527 /* Release */,
			);
			defaultConfigurationIsVisible = 0;
			defaultConfigurationName = Release;
		};
		9793ADE31EE53BF00080E527 /* Build configuration list for PBXNativeTarget "SearchDome1" */ = {
			isa = XCConfigurationList;
			buildConfigurations = (
				9793ADE41EE53BF00080E527 /* Debug */,
				9793ADE51EE53BF00080E527 /* Release */,
			);
			defaultConfigurationIsVisible = 0;
		};
/* End XCConfigurationList section */
	};
	rootObject = 9793ADC71EE53BF00080E527 /* Project object */;
}
